
Microsoft Visual Studio Solution File, Format Version 11.00
# Visual Studio 2010
Project("{FAE04EC0-301F-11D3-BF4B-00C04F79EFBC}") = "UnityEngine.TestRunner", "UnityEngine.TestRunner.csproj", "{239535f8-db5c-961e-c54d-d14064f2dc75}"
EndProject
Project("{FAE04EC0-301F-11D3-BF4B-00C04F79EFBC}") = "Unity.Postprocessing.Runtime", "Unity.Postprocessing.Runtime.csproj", "{5ba8ce99-e3b1-a6e6-f28d-b6e0ea0b6643}"
EndProject
Project("{FAE04EC0-301F-11D3-BF4B-00C04F79EFBC}") = "Unity.RenderPipelines.Universal.Runtime", "Unity.RenderPipelines.Universal.Runtime.csproj", "{b2e0a159-196f-d1ae-b79c-277e2e771d00}"
EndProject
Project("{FAE04EC0-301F-11D3-BF4B-00C04F79EFBC}") = "Unity.2D.Animation.Triangle.Runtime", "Unity.2D.Animation.Triangle.Runtime.csproj", "{2678b0a5-c0a2-2818-2154-b4a872a4d4b8}"
EndProject
Project("{FAE04EC0-301F-11D3-BF4B-00C04F79EFBC}") = "Unity.TextMeshPro", "Unity.TextMeshPro.csproj", "{c93213b3-a4f5-8368-32a3-8c9c256d978d}"
EndProject
Project("{FAE04EC0-301F-11D3-BF4B-00C04F79EFBC}") = "Unity.2D.Animation.Runtime", "Unity.2D.Animation.Runtime.csproj", "{dd6fd6e8-bb85-971b-f324-758cedf07cc2}"
EndProject
Project("{FAE04EC0-301F-11D3-BF4B-00C04F79EFBC}") = "Unity.Timeline", "Unity.Timeline.csproj", "{71208feb-2b81-d322-25ca-600ba94f0f13}"
EndProject
Project("{FAE04EC0-301F-11D3-BF4B-00C04F79EFBC}") = "Assembly-CSharp", "Assembly-CSharp.csproj", "{ccee557a-be14-9da4-8ee3-a47cdd9dc6cd}"
EndProject
Project("{FAE04EC0-301F-11D3-BF4B-00C04F79EFBC}") = "Unity.Mathematics", "Unity.Mathematics.csproj", "{45204eb5-33e9-2d0f-99e4-401ea1e0dba9}"
EndProject
Project("{FAE04EC0-301F-11D3-BF4B-00C04F79EFBC}") = "Unity.2D.SpriteShape.Runtime", "Unity.2D.SpriteShape.Runtime.csproj", "{d62b60b0-32c1-28fe-546f-d5dbb12dea77}"
EndProject
Project("{FAE04EC0-301F-11D3-BF4B-00C04F79EFBC}") = "Unity.RenderPipelines.Core.Runtime", "Unity.RenderPipelines.Core.Runtime.csproj", "{b7525b89-0a01-6490-ed92-acc043f0fcb4}"
EndProject
Project("{FAE04EC0-301F-11D3-BF4B-00C04F79EFBC}") = "Unity.2D.IK.Runtime", "Unity.2D.IK.Runtime.csproj", "{66eab9a1-f001-0385-4f22-91116ccf9eae}"
EndProject
Project("{FAE04EC0-301F-11D3-BF4B-00C04F79EFBC}") = "Unity.2D.PixelPerfect", "Unity.2D.PixelPerfect.csproj", "{28ea3ccf-666a-bb04-ff6b-1502a2d45ec1}"
EndProject
Project("{FAE04EC0-301F-11D3-BF4B-00C04F79EFBC}") = "Unity.InternalAPIEngineBridge.001", "Unity.InternalAPIEngineBridge.001.csproj", "{16416413-c63a-8085-512c-3ddf8d0b0d08}"
EndProject
Project("{FAE04EC0-301F-11D3-BF4B-00C04F79EFBC}") = "Unity.RenderPipelines.ShaderGraph.ShaderGraphLibrary", "Unity.RenderPipelines.ShaderGraph.ShaderGraphLibrary.csproj", "{b6c5acd9-33a2-287f-d8cf-46d492c5c761}"
EndProject
Project("{FAE04EC0-301F-11D3-BF4B-00C04F79EFBC}") = "Unity.RenderPipeline.Universal.ShaderLibrary", "Unity.RenderPipeline.Universal.ShaderLibrary.csproj", "{c81b78c0-aad5-1822-cb7c-a8f64088035a}"
EndProject
Project("{FAE04EC0-301F-11D3-BF4B-00C04F79EFBC}") = "Unity.RenderPipelines.Core.ShaderLibrary", "Unity.RenderPipelines.Core.ShaderLibrary.csproj", "{5482cf68-a62d-eacb-5890-971a81a20081}"
EndProject
Project("{FAE04EC0-301F-11D3-BF4B-00C04F79EFBC}") = "Unity.RenderPipelines.Universal.Shaders", "Unity.RenderPipelines.Universal.Shaders.csproj", "{633a253e-13a3-836e-3d45-b252a0c09ed6}"
EndProject
Project("{FAE04EC0-301F-11D3-BF4B-00C04F79EFBC}") = "Unity.2D.Common.Runtime", "Unity.2D.Common.Runtime.csproj", "{4a412a35-d4cb-091a-d91c-8698b9ed6fd7}"
EndProject
Project("{FAE04EC0-301F-11D3-BF4B-00C04F79EFBC}") = "Unity.ShaderGraph.Editor", "Unity.ShaderGraph.Editor.csproj", "{b2718977-bbb5-ac1d-88b4-d28c547881de}"
EndProject
Project("{FAE04EC0-301F-11D3-BF4B-00C04F79EFBC}") = "Unity.TextMeshPro.Editor", "Unity.TextMeshPro.Editor.csproj", "{f7cc866c-1c05-718d-478c-6287afbca895}"
EndProject
Project("{FAE04EC0-301F-11D3-BF4B-00C04F79EFBC}") = "Unity.Timeline.Editor", "Unity.Timeline.Editor.csproj", "{91d64dee-82ca-8f92-2876-f0402c19ca5a}"
EndProject
Project("{FAE04EC0-301F-11D3-BF4B-00C04F79EFBC}") = "Unity.CollabProxy.Editor", "Unity.CollabProxy.Editor.csproj", "{1b0c3e6b-5651-1c26-1f1e-8cedf16d399c}"
EndProject
Project("{FAE04EC0-301F-11D3-BF4B-00C04F79EFBC}") = "UnityEditor.TestRunner", "UnityEditor.TestRunner.csproj", "{f00d2c38-052b-a225-2791-4b66192de506}"
EndProject
Project("{FAE04EC0-301F-11D3-BF4B-00C04F79EFBC}") = "Unity.2D.Animation.Editor", "Unity.2D.Animation.Editor.csproj", "{c7073f4a-3dad-d0e9-7e6f-d6c2f25f96a6}"
EndProject
Project("{FAE04EC0-301F-11D3-BF4B-00C04F79EFBC}") = "Unity.RenderPipelines.Universal.Editor", "Unity.RenderPipelines.Universal.Editor.csproj", "{de42f819-036e-6487-633a-c2330d6bbd81}"
EndProject
Project("{FAE04EC0-301F-11D3-BF4B-00C04F79EFBC}") = "Unity.2D.Path.Editor", "Unity.2D.Path.Editor.csproj", "{8944e359-af42-62ef-13cc-e999b90ddd5e}"
EndProject
Project("{FAE04EC0-301F-11D3-BF4B-00C04F79EFBC}") = "Unity.Rider.Editor", "Unity.Rider.Editor.csproj", "{967cffe4-c853-5aa8-f941-a7418675708c}"
EndProject
Project("{FAE04EC0-301F-11D3-BF4B-00C04F79EFBC}") = "Unity.VisualStudio.Editor", "Unity.VisualStudio.Editor.csproj", "{0e2f10f0-e24f-6902-ead5-43df0c2563d6}"
EndProject
Project("{FAE04EC0-301F-11D3-BF4B-00C04F79EFBC}") = "Unity.RenderPipelines.Core.Editor", "Unity.RenderPipelines.Core.Editor.csproj", "{f4188d74-a1d9-ea5b-787d-7a3e0539c7c1}"
EndProject
Project("{FAE04EC0-301F-11D3-BF4B-00C04F79EFBC}") = "Unity.2D.SpriteShape.Editor", "Unity.2D.SpriteShape.Editor.csproj", "{7bb43738-2fd9-e117-02f6-0f0da2a77939}"
EndProject
Project("{FAE04EC0-301F-11D3-BF4B-00C04F79EFBC}") = "PsdPlugin", "PsdPlugin.csproj", "{455d22f2-713c-1f72-d888-ed0d2d0c0b8e}"
EndProject
Project("{FAE04EC0-301F-11D3-BF4B-00C04F79EFBC}") = "Unity.Postprocessing.Editor", "Unity.Postprocessing.Editor.csproj", "{42f0f7f1-4bf8-72cc-9432-ffdbf3f72bfd}"
EndProject
Project("{FAE04EC0-301F-11D3-BF4B-00C04F79EFBC}") = "Unity.2D.IK.Editor", "Unity.2D.IK.Editor.csproj", "{16cb41ef-b008-f567-836f-292e6cb93d45}"
EndProject
Project("{FAE04EC0-301F-11D3-BF4B-00C04F79EFBC}") = "Unity.2D.Common.Editor", "Unity.2D.Common.Editor.csproj", "{0e9d6e92-413b-6242-0fd6-51681ed5c249}"
EndProject
Project("{FAE04EC0-301F-11D3-BF4B-00C04F79EFBC}") = "Unity.VSCode.Editor", "Unity.VSCode.Editor.csproj", "{7b0e1d47-c8e8-283d-13a7-51f05ee15935}"
EndProject
Project("{FAE04EC0-301F-11D3-BF4B-00C04F79EFBC}") = "Unity.2D.Psdimporter.Editor", "Unity.2D.Psdimporter.Editor.csproj", "{0f9c2778-5c01-557a-017b-d48e1b7bcee7}"
EndProject
Project("{FAE04EC0-301F-11D3-BF4B-00C04F79EFBC}") = "Unity.Searcher.Editor", "Unity.Searcher.Editor.csproj", "{196ee4df-bbb3-093e-36c4-9bbf6eb2bdf2}"
EndProject
Project("{FAE04EC0-301F-11D3-BF4B-00C04F79EFBC}") = "Unity.2D.PixelPerfect.Editor", "Unity.2D.PixelPerfect.Editor.csproj", "{c479b211-ee68-c576-0ebb-7cc6165aa3f3}"
EndProject
Project("{FAE04EC0-301F-11D3-BF4B-00C04F79EFBC}") = "Unity.ShaderGraph.Utilities", "Unity.ShaderGraph.Utilities.csproj", "{293d5e91-4c78-997e-3497-2c9fbca6e386}"
EndProject
Project("{FAE04EC0-301F-11D3-BF4B-00C04F79EFBC}") = "Unity.Mathematics.Editor", "Unity.Mathematics.Editor.csproj", "{45d20301-41b6-de46-0c22-10e0dce204f8}"
EndProject
Project("{FAE04EC0-301F-11D3-BF4B-00C04F79EFBC}") = "Unity.InternalAPIEditorBridge.001", "Unity.InternalAPIEditorBridge.001.csproj", "{4f5df4a4-247e-3996-6de7-c2846d0c0de2}"
EndProject
Global
	GlobalSection(SolutionConfigurationPlatforms) = preSolution
		Debug|Any CPU = Debug|Any CPU
		Release|Any CPU = Release|Any CPU
	EndGlobalSection
	GlobalSection(ProjectConfigurationPlatforms) = postSolution
		{239535f8-db5c-961e-c54d-d14064f2dc75}.Debug|Any CPU.ActiveCfg = Debug|Any CPU
		{239535f8-db5c-961e-c54d-d14064f2dc75}.Debug|Any CPU.Build.0 = Debug|Any CPU
		{239535f8-db5c-961e-c54d-d14064f2dc75}.Release|Any CPU.ActiveCfg = Release|Any CPU
		{239535f8-db5c-961e-c54d-d14064f2dc75}.Release|Any CPU.Build.0 = Release|Any CPU
		{5ba8ce99-e3b1-a6e6-f28d-b6e0ea0b6643}.Debug|Any CPU.ActiveCfg = Debug|Any CPU
		{5ba8ce99-e3b1-a6e6-f28d-b6e0ea0b6643}.Debug|Any CPU.Build.0 = Debug|Any CPU
		{5ba8ce99-e3b1-a6e6-f28d-b6e0ea0b6643}.Release|Any CPU.ActiveCfg = Release|Any CPU
		{5ba8ce99-e3b1-a6e6-f28d-b6e0ea0b6643}.Release|Any CPU.Build.0 = Release|Any CPU
		{b2e0a159-196f-d1ae-b79c-277e2e771d00}.Debug|Any CPU.ActiveCfg = Debug|Any CPU
		{b2e0a159-196f-d1ae-b79c-277e2e771d00}.Debug|Any CPU.Build.0 = Debug|Any CPU
		{b2e0a159-196f-d1ae-b79c-277e2e771d00}.Release|Any CPU.ActiveCfg = Release|Any CPU
		{b2e0a159-196f-d1ae-b79c-277e2e771d00}.Release|Any CPU.Build.0 = Release|Any CPU
		{2678b0a5-c0a2-2818-2154-b4a872a4d4b8}.Debug|Any CPU.ActiveCfg = Debug|Any CPU
		{2678b0a5-c0a2-2818-2154-b4a872a4d4b8}.Debug|Any CPU.Build.0 = Debug|Any CPU
		{2678b0a5-c0a2-2818-2154-b4a872a4d4b8}.Release|Any CPU.ActiveCfg = Release|Any CPU
		{2678b0a5-c0a2-2818-2154-b4a872a4d4b8}.Release|Any CPU.Build.0 = Release|Any CPU
		{c93213b3-a4f5-8368-32a3-8c9c256d978d}.Debug|Any CPU.ActiveCfg = Debug|Any CPU
		{c93213b3-a4f5-8368-32a3-8c9c256d978d}.Debug|Any CPU.Build.0 = Debug|Any CPU
		{c93213b3-a4f5-8368-32a3-8c9c256d978d}.Release|Any CPU.ActiveCfg = Release|Any CPU
		{c93213b3-a4f5-8368-32a3-8c9c256d978d}.Release|Any CPU.Build.0 = Release|Any CPU
		{dd6fd6e8-bb85-971b-f324-758cedf07cc2}.Debug|Any CPU.ActiveCfg = Debug|Any CPU
		{dd6fd6e8-bb85-971b-f324-758cedf07cc2}.Debug|Any CPU.Build.0 = Debug|Any CPU
		{dd6fd6e8-bb85-971b-f324-758cedf07cc2}.Release|Any CPU.ActiveCfg = Release|Any CPU
		{dd6fd6e8-bb85-971b-f324-758cedf07cc2}.Release|Any CPU.Build.0 = Release|Any CPU
		{71208feb-2b81-d322-25ca-600ba94f0f13}.Debug|Any CPU.ActiveCfg = Debug|Any CPU
		{71208feb-2b81-d322-25ca-600ba94f0f13}.Debug|Any CPU.Build.0 = Debug|Any CPU
		{71208feb-2b81-d322-25ca-600ba94f0f13}.Release|Any CPU.ActiveCfg = Release|Any CPU
		{71208feb-2b81-d322-25ca-600ba94f0f13}.Release|Any CPU.Build.0 = Release|Any CPU
		{ccee557a-be14-9da4-8ee3-a47cdd9dc6cd}.Debug|Any CPU.ActiveCfg = Debug|Any CPU
		{ccee557a-be14-9da4-8ee3-a47cdd9dc6cd}.Debug|Any CPU.Build.0 = Debug|Any CPU
		{ccee557a-be14-9da4-8ee3-a47cdd9dc6cd}.Release|Any CPU.ActiveCfg = Release|Any CPU
		{ccee557a-be14-9da4-8ee3-a47cdd9dc6cd}.Release|Any CPU.Build.0 = Release|Any CPU
		{45204eb5-33e9-2d0f-99e4-401ea1e0dba9}.Debug|Any CPU.ActiveCfg = Debug|Any CPU
		{45204eb5-33e9-2d0f-99e4-401ea1e0dba9}.Debug|Any CPU.Build.0 = Debug|Any CPU
		{45204eb5-33e9-2d0f-99e4-401ea1e0dba9}.Release|Any CPU.ActiveCfg = Release|Any CPU
		{45204eb5-33e9-2d0f-99e4-401ea1e0dba9}.Release|Any CPU.Build.0 = Release|Any CPU
		{d62b60b0-32c1-28fe-546f-d5dbb12dea77}.Debug|Any CPU.ActiveCfg = Debug|Any CPU
		{d62b60b0-32c1-28fe-546f-d5dbb12dea77}.Debug|Any CPU.Build.0 = Debug|Any CPU
		{d62b60b0-32c1-28fe-546f-d5dbb12dea77}.Release|Any CPU.ActiveCfg = Release|Any CPU
		{d62b60b0-32c1-28fe-546f-d5dbb12dea77}.Release|Any CPU.Build.0 = Release|Any CPU
		{b7525b89-0a01-6490-ed92-acc043f0fcb4}.Debug|Any CPU.ActiveCfg = Debug|Any CPU
		{b7525b89-0a01-6490-ed92-acc043f0fcb4}.Debug|Any CPU.Build.0 = Debug|Any CPU
		{b7525b89-0a01-6490-ed92-acc043f0fcb4}.Release|Any CPU.ActiveCfg = Release|Any CPU
		{b7525b89-0a01-6490-ed92-acc043f0fcb4}.Release|Any CPU.Build.0 = Release|Any CPU
		{66eab9a1-f001-0385-4f22-91116ccf9eae}.Debug|Any CPU.ActiveCfg = Debug|Any CPU
		{66eab9a1-f001-0385-4f22-91116ccf9eae}.Debug|Any CPU.Build.0 = Debug|Any CPU
		{66eab9a1-f001-0385-4f22-91116ccf9eae}.Release|Any CPU.ActiveCfg = Release|Any CPU
		{66eab9a1-f001-0385-4f22-91116ccf9eae}.Release|Any CPU.Build.0 = Release|Any CPU
		{28ea3ccf-666a-bb04-ff6b-1502a2d45ec1}.Debug|Any CPU.ActiveCfg = Debug|Any CPU
		{28ea3ccf-666a-bb04-ff6b-1502a2d45ec1}.Debug|Any CPU.Build.0 = Debug|Any CPU
		{28ea3ccf-666a-bb04-ff6b-1502a2d45ec1}.Release|Any CPU.ActiveCfg = Release|Any CPU
		{28ea3ccf-666a-bb04-ff6b-1502a2d45ec1}.Release|Any CPU.Build.0 = Release|Any CPU
		{16416413-c63a-8085-512c-3ddf8d0b0d08}.Debug|Any CPU.ActiveCfg = Debug|Any CPU
		{16416413-c63a-8085-512c-3ddf8d0b0d08}.Debug|Any CPU.Build.0 = Debug|Any CPU
		{16416413-c63a-8085-512c-3ddf8d0b0d08}.Release|Any CPU.ActiveCfg = Release|Any CPU
		{16416413-c63a-8085-512c-3ddf8d0b0d08}.Release|Any CPU.Build.0 = Release|Any CPU
		{b6c5acd9-33a2-287f-d8cf-46d492c5c761}.Debug|Any CPU.ActiveCfg = Debug|Any CPU
		{b6c5acd9-33a2-287f-d8cf-46d492c5c761}.Debug|Any CPU.Build.0 = Debug|Any CPU
		{b6c5acd9-33a2-287f-d8cf-46d492c5c761}.Release|Any CPU.ActiveCfg = Release|Any CPU
		{b6c5acd9-33a2-287f-d8cf-46d492c5c761}.Release|Any CPU.Build.0 = Release|Any CPU
		{c81b78c0-aad5-1822-cb7c-a8f64088035a}.Debug|Any CPU.ActiveCfg = Debug|Any CPU
		{c81b78c0-aad5-1822-cb7c-a8f64088035a}.Debug|Any CPU.Build.0 = Debug|Any CPU
		{c81b78c0-aad5-1822-cb7c-a8f64088035a}.Release|Any CPU.ActiveCfg = Release|Any CPU
		{c81b78c0-aad5-1822-cb7c-a8f64088035a}.Release|Any CPU.Build.0 = Release|Any CPU
		{5482cf68-a62d-eacb-5890-971a81a20081}.Debug|Any CPU.ActiveCfg = Debug|Any CPU
		{5482cf68-a62d-eacb-5890-971a81a20081}.Debug|Any CPU.Build.0 = Debug|Any CPU
		{5482cf68-a62d-eacb-5890-971a81a20081}.Release|Any CPU.ActiveCfg = Release|Any CPU
		{5482cf68-a62d-eacb-5890-971a81a20081}.Release|Any CPU.Build.0 = Release|Any CPU
		{633a253e-13a3-836e-3d45-b252a0c09ed6}.Debug|Any CPU.ActiveCfg = Debug|Any CPU
		{633a253e-13a3-836e-3d45-b252a0c09ed6}.Debug|Any CPU.Build.0 = Debug|Any CPU
		{633a253e-13a3-836e-3d45-b252a0c09ed6}.Release|Any CPU.ActiveCfg = Release|Any CPU
		{633a253e-13a3-836e-3d45-b252a0c09ed6}.Release|Any CPU.Build.0 = Release|Any CPU
		{4a412a35-d4cb-091a-d91c-8698b9ed6fd7}.Debug|Any CPU.ActiveCfg = Debug|Any CPU
		{4a412a35-d4cb-091a-d91c-8698b9ed6fd7}.Debug|Any CPU.Build.0 = Debug|Any CPU
		{4a412a35-d4cb-091a-d91c-8698b9ed6fd7}.Release|Any CPU.ActiveCfg = Release|Any CPU
		{4a412a35-d4cb-091a-d91c-8698b9ed6fd7}.Release|Any CPU.Build.0 = Release|Any CPU
		{b2718977-bbb5-ac1d-88b4-d28c547881de}.Debug|Any CPU.ActiveCfg = Debug|Any CPU
		{b2718977-bbb5-ac1d-88b4-d28c547881de}.Debug|Any CPU.Build.0 = Debug|Any CPU
		{b2718977-bbb5-ac1d-88b4-d28c547881de}.Release|Any CPU.ActiveCfg = Release|Any CPU
		{b2718977-bbb5-ac1d-88b4-d28c547881de}.Release|Any CPU.Build.0 = Release|Any CPU
		{f7cc866c-1c05-718d-478c-6287afbca895}.Debug|Any CPU.ActiveCfg = Debug|Any CPU
		{f7cc866c-1c05-718d-478c-6287afbca895}.Debug|Any CPU.Build.0 = Debug|Any CPU
		{f7cc866c-1c05-718d-478c-6287afbca895}.Release|Any CPU.ActiveCfg = Release|Any CPU
		{f7cc866c-1c05-718d-478c-6287afbca895}.Release|Any CPU.Build.0 = Release|Any CPU
		{91d64dee-82ca-8f92-2876-f0402c19ca5a}.Debug|Any CPU.ActiveCfg = Debug|Any CPU
		{91d64dee-82ca-8f92-2876-f0402c19ca5a}.Debug|Any CPU.Build.0 = Debug|Any CPU
		{91d64dee-82ca-8f92-2876-f0402c19ca5a}.Release|Any CPU.ActiveCfg = Release|Any CPU
		{91d64dee-82ca-8f92-2876-f0402c19ca5a}.Release|Any CPU.Build.0 = Release|Any CPU
		{1b0c3e6b-5651-1c26-1f1e-8cedf16d399c}.Debug|Any CPU.ActiveCfg = Debug|Any CPU
		{1b0c3e6b-5651-1c26-1f1e-8cedf16d399c}.Debug|Any CPU.Build.0 = Debug|Any CPU
		{1b0c3e6b-5651-1c26-1f1e-8cedf16d399c}.Release|Any CPU.ActiveCfg = Release|Any CPU
		{1b0c3e6b-5651-1c26-1f1e-8cedf16d399c}.Release|Any CPU.Build.0 = Release|Any CPU
		{f00d2c38-052b-a225-2791-4b66192de506}.Debug|Any CPU.ActiveCfg = Debug|Any CPU
		{f00d2c38-052b-a225-2791-4b66192de506}.Debug|Any CPU.Build.0 = Debug|Any CPU
		{f00d2c38-052b-a225-2791-4b66192de506}.Release|Any CPU.ActiveCfg = Release|Any CPU
		{f00d2c38-052b-a225-2791-4b66192de506}.Release|Any CPU.Build.0 = Release|Any CPU
		{c7073f4a-3dad-d0e9-7e6f-d6c2f25f96a6}.Debug|Any CPU.ActiveCfg = Debug|Any CPU
		{c7073f4a-3dad-d0e9-7e6f-d6c2f25f96a6}.Debug|Any CPU.Build.0 = Debug|Any CPU
		{c7073f4a-3dad-d0e9-7e6f-d6c2f25f96a6}.Release|Any CPU.ActiveCfg = Release|Any CPU
		{c7073f4a-3dad-d0e9-7e6f-d6c2f25f96a6}.Release|Any CPU.Build.0 = Release|Any CPU
		{de42f819-036e-6487-633a-c2330d6bbd81}.Debug|Any CPU.ActiveCfg = Debug|Any CPU
		{de42f819-036e-6487-633a-c2330d6bbd81}.Debug|Any CPU.Build.0 = Debug|Any CPU
		{de42f819-036e-6487-633a-c2330d6bbd81}.Release|Any CPU.ActiveCfg = Release|Any CPU
		{de42f819-036e-6487-633a-c2330d6bbd81}.Release|Any CPU.Build.0 = Release|Any CPU
		{8944e359-af42-62ef-13cc-e999b90ddd5e}.Debug|Any CPU.ActiveCfg = Debug|Any CPU
		{8944e359-af42-62ef-13cc-e999b90ddd5e}.Debug|Any CPU.Build.0 = Debug|Any CPU
		{8944e359-af42-62ef-13cc-e999b90ddd5e}.Release|Any CPU.ActiveCfg = Release|Any CPU
		{8944e359-af42-62ef-13cc-e999b90ddd5e}.Release|Any CPU.Build.0 = Release|Any CPU
		{967cffe4-c853-5aa8-f941-a7418675708c}.Debug|Any CPU.ActiveCfg = Debug|Any CPU
		{967cffe4-c853-5aa8-f941-a7418675708c}.Debug|Any CPU.Build.0 = Debug|Any CPU
		{967cffe4-c853-5aa8-f941-a7418675708c}.Release|Any CPU.ActiveCfg = Release|Any CPU
		{967cffe4-c853-5aa8-f941-a7418675708c}.Release|Any CPU.Build.0 = Release|Any CPU
		{0e2f10f0-e24f-6902-ead5-43df0c2563d6}.Debug|Any CPU.ActiveCfg = Debug|Any CPU
		{0e2f10f0-e24f-6902-ead5-43df0c2563d6}.Debug|Any CPU.Build.0 = Debug|Any CPU
		{0e2f10f0-e24f-6902-ead5-43df0c2563d6}.Release|Any CPU.ActiveCfg = Release|Any CPU
		{0e2f10f0-e24f-6902-ead5-43df0c2563d6}.Release|Any CPU.Build.0 = Release|Any CPU
		{f4188d74-a1d9-ea5b-787d-7a3e0539c7c1}.Debug|Any CPU.ActiveCfg = Debug|Any CPU
		{f4188d74-a1d9-ea5b-787d-7a3e0539c7c1}.Debug|Any CPU.Build.0 = Debug|Any CPU
		{f4188d74-a1d9-ea5b-787d-7a3e0539c7c1}.Release|Any CPU.ActiveCfg = Release|Any CPU
		{f4188d74-a1d9-ea5b-787d-7a3e0539c7c1}.Release|Any CPU.Build.0 = Release|Any CPU
		{7bb43738-2fd9-e117-02f6-0f0da2a77939}.Debug|Any CPU.ActiveCfg = Debug|Any CPU
		{7bb43738-2fd9-e117-02f6-0f0da2a77939}.Debug|Any CPU.Build.0 = Debug|Any CPU
		{7bb43738-2fd9-e117-02f6-0f0da2a77939}.Release|Any CPU.ActiveCfg = Release|Any CPU
		{7bb43738-2fd9-e117-02f6-0f0da2a77939}.Release|Any CPU.Build.0 = Release|Any CPU
		{455d22f2-713c-1f72-d888-ed0d2d0c0b8e}.Debug|Any CPU.ActiveCfg = Debug|Any CPU
		{455d22f2-713c-1f72-d888-ed0d2d0c0b8e}.Debug|Any CPU.Build.0 = Debug|Any CPU
		{455d22f2-713c-1f72-d888-ed0d2d0c0b8e}.Release|Any CPU.ActiveCfg = Release|Any CPU
		{455d22f2-713c-1f72-d888-ed0d2d0c0b8e}.Release|Any CPU.Build.0 = Release|Any CPU
		{42f0f7f1-4bf8-72cc-9432-ffdbf3f72bfd}.Debug|Any CPU.ActiveCfg = Debug|Any CPU
		{42f0f7f1-4bf8-72cc-9432-ffdbf3f72bfd}.Debug|Any CPU.Build.0 = Debug|Any CPU
		{42f0f7f1-4bf8-72cc-9432-ffdbf3f72bfd}.Release|Any CPU.ActiveCfg = Release|Any CPU
		{42f0f7f1-4bf8-72cc-9432-ffdbf3f72bfd}.Release|Any CPU.Build.0 = Release|Any CPU
		{16cb41ef-b008-f567-836f-292e6cb93d45}.Debug|Any CPU.ActiveCfg = Debug|Any CPU
		{16cb41ef-b008-f567-836f-292e6cb93d45}.Debug|Any CPU.Build.0 = Debug|Any CPU
		{16cb41ef-b008-f567-836f-292e6cb93d45}.Release|Any CPU.ActiveCfg = Release|Any CPU
		{16cb41ef-b008-f567-836f-292e6cb93d45}.Release|Any CPU.Build.0 = Release|Any CPU
		{0e9d6e92-413b-6242-0fd6-51681ed5c249}.Debug|Any CPU.ActiveCfg = Debug|Any CPU
		{0e9d6e92-413b-6242-0fd6-51681ed5c249}.Debug|Any CPU.Build.0 = Debug|Any CPU
		{0e9d6e92-413b-6242-0fd6-51681ed5c249}.Release|Any CPU.ActiveCfg = Release|Any CPU
		{0e9d6e92-413b-6242-0fd6-51681ed5c249}.Release|Any CPU.Build.0 = Release|Any CPU
		{7b0e1d47-c8e8-283d-13a7-51f05ee15935}.Debug|Any CPU.ActiveCfg = Debug|Any CPU
		{7b0e1d47-c8e8-283d-13a7-51f05ee15935}.Debug|Any CPU.Build.0 = Debug|Any CPU
		{7b0e1d47-c8e8-283d-13a7-51f05ee15935}.Release|Any CPU.ActiveCfg = Release|Any CPU
		{7b0e1d47-c8e8-283d-13a7-51f05ee15935}.Release|Any CPU.Build.0 = Release|Any CPU
		{0f9c2778-5c01-557a-017b-d48e1b7bcee7}.Debug|Any CPU.ActiveCfg = Debug|Any CPU
		{0f9c2778-5c01-557a-017b-d48e1b7bcee7}.Debug|Any CPU.Build.0 = Debug|Any CPU
		{0f9c2778-5c01-557a-017b-d48e1b7bcee7}.Release|Any CPU.ActiveCfg = Release|Any CPU
		{0f9c2778-5c01-557a-017b-d48e1b7bcee7}.Release|Any CPU.Build.0 = Release|Any CPU
		{196ee4df-bbb3-093e-36c4-9bbf6eb2bdf2}.Debug|Any CPU.ActiveCfg = Debug|Any CPU
		{196ee4df-bbb3-093e-36c4-9bbf6eb2bdf2}.Debug|Any CPU.Build.0 = Debug|Any CPU
		{196ee4df-bbb3-093e-36c4-9bbf6eb2bdf2}.Release|Any CPU.ActiveCfg = Release|Any CPU
		{196ee4df-bbb3-093e-36c4-9bbf6eb2bdf2}.Release|Any CPU.Build.0 = Release|Any CPU
		{c479b211-ee68-c576-0ebb-7cc6165aa3f3}.Debug|Any CPU.ActiveCfg = Debug|Any CPU
		{c479b211-ee68-c576-0ebb-7cc6165aa3f3}.Debug|Any CPU.Build.0 = Debug|Any CPU
		{c479b211-ee68-c576-0ebb-7cc6165aa3f3}.Release|Any CPU.ActiveCfg = Release|Any CPU
		{c479b211-ee68-c576-0ebb-7cc6165aa3f3}.Release|Any CPU.Build.0 = Release|Any CPU
		{293d5e91-4c78-997e-3497-2c9fbca6e386}.Debug|Any CPU.ActiveCfg = Debug|Any CPU
		{293d5e91-4c78-997e-3497-2c9fbca6e386}.Debug|Any CPU.Build.0 = Debug|Any CPU
		{293d5e91-4c78-997e-3497-2c9fbca6e386}.Release|Any CPU.ActiveCfg = Release|Any CPU
		{293d5e91-4c78-997e-3497-2c9fbca6e386}.Release|Any CPU.Build.0 = Release|Any CPU
		{45d20301-41b6-de46-0c22-10e0dce204f8}.Debug|Any CPU.ActiveCfg = Debug|Any CPU
		{45d20301-41b6-de46-0c22-10e0dce204f8}.Debug|Any CPU.Build.0 = Debug|Any CPU
		{45d20301-41b6-de46-0c22-10e0dce204f8}.Release|Any CPU.ActiveCfg = Release|Any CPU
		{45d20301-41b6-de46-0c22-10e0dce204f8}.Release|Any CPU.Build.0 = Release|Any CPU
		{4f5df4a4-247e-3996-6de7-c2846d0c0de2}.Debug|Any CPU.ActiveCfg = Debug|Any CPU
		{4f5df4a4-247e-3996-6de7-c2846d0c0de2}.Debug|Any CPU.Build.0 = Debug|Any CPU
		{4f5df4a4-247e-3996-6de7-c2846d0c0de2}.Release|Any CPU.ActiveCfg = Release|Any CPU
		{4f5df4a4-247e-3996-6de7-c2846d0c0de2}.Release|Any CPU.Build.0 = Release|Any CPU
	EndGlobalSection
	GlobalSection(SolutionProperties) = preSolution
		HideSolutionNode = FALSE
	EndGlobalSection
EndGlobal
